
Microsoft Visual Studio Solution File, Format Version 12.00
# Visual Studio Version 17
VisualStudioVersion = 17.9.34622.214
MinimumVisualStudioVersion = 10.0.40219.1
Project("{FAE04EC0-301F-11D3-BF4B-00C04F79EFBC}") = "Jokenpo", "Jokenpo\Jokenpo.csproj", "{1D2EA158-4B6D-497A-A8F3-66204EC1002A}"
EndProject
Global
	GlobalSection(SolutionConfigurationPlatforms) = preSolution
		Debug|Any CPU = Debug|Any CPU
		Release|Any CPU = Release|Any CPU
	EndGlobalSection
	GlobalSection(ProjectConfigurationPlatforms) = postSolution
		{1D2EA158-4B6D-497A-A8F3-66204EC1002A}.Debug|Any CPU.ActiveCfg = Debug|Any CPU
		{1D2EA158-4B6D-497A-A8F3-66204EC1002A}.Debug|Any CPU.Build.0 = Debug|Any CPU
		{1D2EA158-4B6D-497A-A8F3-66204EC1002A}.Debug|Any CPU.Deploy.0 = Debug|Any CPU
		{1D2EA158-4B6D-497A-A8F3-66204EC1002A}.Release|Any CPU.ActiveCfg = Release|Any CPU
		{1D2EA158-4B6D-497A-A8F3-66204EC1002A}.Release|Any CPU.Build.0 = Release|Any CPU
		{1D2EA158-4B6D-497A-A8F3-66204EC1002A}.Release|Any CPU.Deploy.0 = Release|Any CPU
	EndGlobalSection
	GlobalSection(SolutionProperties) = preSolution
		HideSolutionNode = FALSE
	EndGlobalSection
	GlobalSection(ExtensibilityGlobals) = postSolution
		SolutionGuid = {BA11B825-A695-4D60-8F28-6297E74368E3}
	EndGlobalSection
EndGlobal
